
Microsoft Visual Studio Solution File, Format Version 12.00
# Visual Studio Version 17
VisualStudioVersion = 17.10.35027.167
MinimumVisualStudioVersion = 10.0.40219.1
Project("{2150E333-8FDC-42A3-9474-1A3956D46DE8}") = "Src", "Src", "{E26EB7ED-1351-4A29-AD7A-26DCE2ABD117}"
EndProject
Project("{2150E333-8FDC-42A3-9474-1A3956D46DE8}") = "API", "API", "{A247F162-C58A-45C2-B0FA-285CC627B854}"
EndProject
Project("{2150E333-8FDC-42A3-9474-1A3956D46DE8}") = "Core", "Core", "{FF0F0C84-7D20-4569-9ADB-0598D0834D97}"
EndProject
Project("{2150E333-8FDC-42A3-9474-1A3956D46DE8}") = "Infraestructure", "Infraestructure", "{C21545B8-6AEB-4917-BD47-1A24B3E3C0DB}"
EndProject
Project("{FAE04EC0-301F-11D3-BF4B-00C04F79EFBC}") = "ACMESchool.API", "ACMESchool.API\ACMESchool.API.csproj", "{54B9F396-42BF-449F-866D-AF123E25F007}"
EndProject
Project("{FAE04EC0-301F-11D3-BF4B-00C04F79EFBC}") = "ACMESchool.Application", "ACMESchool.Application\ACMESchool.Application.csproj", "{FC4D9B4F-905A-4787-9AAE-FBD3EF14515F}"
EndProject
Project("{FAE04EC0-301F-11D3-BF4B-00C04F79EFBC}") = "ACMESchool.Domain", "ACMESchool.Domain\ACMESchool.Domain.csproj", "{4F62768B-9FD2-4EE5-A85E-65373F20869F}"
EndProject
Project("{FAE04EC0-301F-11D3-BF4B-00C04F79EFBC}") = "ACMESchool.Persistence", "ACMESchool.Persistence\ACMESchool.Persistence.csproj", "{0822D21F-26EA-4023-B4B2-03BFAEC030FF}"
EndProject
Project("{FAE04EC0-301F-11D3-BF4B-00C04F79EFBC}") = "ACMESchool.ExternalServices", "ACMESchool.ExternalServices\ACMESchool.ExternalServices.csproj", "{7D118D8E-4EE6-49B8-BF98-84F75707CB4F}"
EndProject
Global
	GlobalSection(SolutionConfigurationPlatforms) = preSolution
		Debug|Any CPU = Debug|Any CPU
		Release|Any CPU = Release|Any CPU
	EndGlobalSection
	GlobalSection(ProjectConfigurationPlatforms) = postSolution
		{54B9F396-42BF-449F-866D-AF123E25F007}.Debug|Any CPU.ActiveCfg = Debug|Any CPU
		{54B9F396-42BF-449F-866D-AF123E25F007}.Debug|Any CPU.Build.0 = Debug|Any CPU
		{54B9F396-42BF-449F-866D-AF123E25F007}.Release|Any CPU.ActiveCfg = Release|Any CPU
		{54B9F396-42BF-449F-866D-AF123E25F007}.Release|Any CPU.Build.0 = Release|Any CPU
		{FC4D9B4F-905A-4787-9AAE-FBD3EF14515F}.Debug|Any CPU.ActiveCfg = Debug|Any CPU
		{FC4D9B4F-905A-4787-9AAE-FBD3EF14515F}.Debug|Any CPU.Build.0 = Debug|Any CPU
		{FC4D9B4F-905A-4787-9AAE-FBD3EF14515F}.Release|Any CPU.ActiveCfg = Release|Any CPU
		{FC4D9B4F-905A-4787-9AAE-FBD3EF14515F}.Release|Any CPU.Build.0 = Release|Any CPU
		{4F62768B-9FD2-4EE5-A85E-65373F20869F}.Debug|Any CPU.ActiveCfg = Debug|Any CPU
		{4F62768B-9FD2-4EE5-A85E-65373F20869F}.Debug|Any CPU.Build.0 = Debug|Any CPU
		{4F62768B-9FD2-4EE5-A85E-65373F20869F}.Release|Any CPU.ActiveCfg = Release|Any CPU
		{4F62768B-9FD2-4EE5-A85E-65373F20869F}.Release|Any CPU.Build.0 = Release|Any CPU
		{0822D21F-26EA-4023-B4B2-03BFAEC030FF}.Debug|Any CPU.ActiveCfg = Debug|Any CPU
		{0822D21F-26EA-4023-B4B2-03BFAEC030FF}.Debug|Any CPU.Build.0 = Debug|Any CPU
		{0822D21F-26EA-4023-B4B2-03BFAEC030FF}.Release|Any CPU.ActiveCfg = Release|Any CPU
		{0822D21F-26EA-4023-B4B2-03BFAEC030FF}.Release|Any CPU.Build.0 = Release|Any CPU
		{7D118D8E-4EE6-49B8-BF98-84F75707CB4F}.Debug|Any CPU.ActiveCfg = Debug|Any CPU
		{7D118D8E-4EE6-49B8-BF98-84F75707CB4F}.Debug|Any CPU.Build.0 = Debug|Any CPU
		{7D118D8E-4EE6-49B8-BF98-84F75707CB4F}.Release|Any CPU.ActiveCfg = Release|Any CPU
		{7D118D8E-4EE6-49B8-BF98-84F75707CB4F}.Release|Any CPU.Build.0 = Release|Any CPU
	EndGlobalSection
	GlobalSection(SolutionProperties) = preSolution
		HideSolutionNode = FALSE
	EndGlobalSection
	GlobalSection(NestedProjects) = preSolution
		{A247F162-C58A-45C2-B0FA-285CC627B854} = {E26EB7ED-1351-4A29-AD7A-26DCE2ABD117}
		{FF0F0C84-7D20-4569-9ADB-0598D0834D97} = {E26EB7ED-1351-4A29-AD7A-26DCE2ABD117}
		{C21545B8-6AEB-4917-BD47-1A24B3E3C0DB} = {E26EB7ED-1351-4A29-AD7A-26DCE2ABD117}
		{54B9F396-42BF-449F-866D-AF123E25F007} = {A247F162-C58A-45C2-B0FA-285CC627B854}
		{FC4D9B4F-905A-4787-9AAE-FBD3EF14515F} = {FF0F0C84-7D20-4569-9ADB-0598D0834D97}
		{4F62768B-9FD2-4EE5-A85E-65373F20869F} = {FF0F0C84-7D20-4569-9ADB-0598D0834D97}
		{0822D21F-26EA-4023-B4B2-03BFAEC030FF} = {C21545B8-6AEB-4917-BD47-1A24B3E3C0DB}
		{7D118D8E-4EE6-49B8-BF98-84F75707CB4F} = {C21545B8-6AEB-4917-BD47-1A24B3E3C0DB}
	EndGlobalSection
	GlobalSection(ExtensibilityGlobals) = postSolution
		SolutionGuid = {D5280129-DDFC-4B42-9CA8-F2BFF9566DA8}
	EndGlobalSection
EndGlobal
